lockfileVersion: '6.0'

settings:
  autoInstallPeers: true
  excludeLinksFromLockfile: false

dependencies:
  playwright-chromium:
    specifier: ^1.35.1
    version: 1.35.1

packages:

  /playwright-chromium@1.35.1:
    resolution: {integrity: sha512-bPuWIk/DYWtrg10ajcc9cZLo5s9XQrs6JF6wwiieqZ73rCG3PLVEm0RX8fCUzziuEAhYsoL09UNuKSKv7pKz9A==}
    engines: {node: '>=16'}
    hasBin: true
    requiresBuild: true
    dependencies:
      playwright-core: 1.35.1
    dev: false

  /playwright-core@1.35.1:
    resolution: {integrity: sha512-pNXb6CQ7OqmGDRspEjlxE49w+4YtR6a3X6mT1hZXeJHWmsEz7SunmvZeiG/+y1yyMZdHnnn73WKYdtV1er0Xyg==}
    engines: {node: '>=16'}
    hasBin: true
    dev: false
